
Microsoft Visual Studio Solution File, Format Version 12.00
# Visual Studio 2017
Project("{FAE04EC0-301F-11D3-BF4B-00C04F79EFBC}") = "SOFTENG751", "SOFTENG751.csproj", "{2BFF55BD-555D-FCCF-8740-3291A3FF84B5}"
EndProject
Project("{FAE04EC0-301F-11D3-BF4B-00C04F79EFBC}") = "SOFTENG751.Editor", "SOFTENG751.Editor.csproj", "{0B804ACB-87AE-599B-5D9C-9D4A338ACF01}"
EndProject
Global
	GlobalSection(SolutionConfigurationPlatforms) = preSolution
		Debug|Any CPU = Debug|Any CPU
		Release|Any CPU = Release|Any CPU
	EndGlobalSection
	GlobalSection(ProjectConfigurationPlatforms) = postSolution
		{2BFF55BD-555D-FCCF-8740-3291A3FF84B5}.Debug|Any CPU.ActiveCfg = Debug|Any CPU
		{2BFF55BD-555D-FCCF-8740-3291A3FF84B5}.Debug|Any CPU.Build.0 = Debug|Any CPU
		{2BFF55BD-555D-FCCF-8740-3291A3FF84B5}.Release|Any CPU.ActiveCfg = Release|Any CPU
		{2BFF55BD-555D-FCCF-8740-3291A3FF84B5}.Release|Any CPU.Build.0 = Release|Any CPU
		{0B804ACB-87AE-599B-5D9C-9D4A338ACF01}.Debug|Any CPU.ActiveCfg = Debug|Any CPU
		{0B804ACB-87AE-599B-5D9C-9D4A338ACF01}.Debug|Any CPU.Build.0 = Debug|Any CPU
		{0B804ACB-87AE-599B-5D9C-9D4A338ACF01}.Release|Any CPU.ActiveCfg = Release|Any CPU
		{0B804ACB-87AE-599B-5D9C-9D4A338ACF01}.Release|Any CPU.Build.0 = Release|Any CPU
	EndGlobalSection
	GlobalSection(SolutionProperties) = preSolution
		HideSolutionNode = FALSE
	EndGlobalSection
EndGlobal
